
Microsoft Visual Studio Solution File, Format Version 12.00
# Visual Studio 14
VisualStudioVersion = 14.0.24720.0
MinimumVisualStudioVersion = 10.0.40219.1
Project("{FAE04EC0-301F-11D3-BF4B-00C04F79EFBC}") = "Mvc.Oefenfirma.Web", "Mvc.Oefenfirma.Web\Mvc.Oefenfirma.Web.csproj", "{D7BEB666-D655-4F56-BF17-A8BF28A6773B}"
EndProject
Project("{FAE04EC0-301F-11D3-BF4B-00C04F79EFBC}") = "Mvc.OefenfirmaCMS.Lib", "Mvc.OefenfirmaCMS.Lib\Mvc.OefenfirmaCMS.Lib.csproj", "{6E907550-9961-415A-ACB3-3D2919E1421D}"
EndProject
Global
	GlobalSection(SolutionConfigurationPlatforms) = preSolution
		Debug|Any CPU = Debug|Any CPU
		Release|Any CPU = Release|Any CPU
	EndGlobalSection
	GlobalSection(ProjectConfigurationPlatforms) = postSolution
		{D7BEB666-D655-4F56-BF17-A8BF28A6773B}.Debug|Any CPU.ActiveCfg = Debug|Any CPU
		{D7BEB666-D655-4F56-BF17-A8BF28A6773B}.Debug|Any CPU.Build.0 = Debug|Any CPU
		{D7BEB666-D655-4F56-BF17-A8BF28A6773B}.Release|Any CPU.ActiveCfg = Release|Any CPU
		{D7BEB666-D655-4F56-BF17-A8BF28A6773B}.Release|Any CPU.Build.0 = Release|Any CPU
		{6E907550-9961-415A-ACB3-3D2919E1421D}.Debug|Any CPU.ActiveCfg = Debug|Any CPU
		{6E907550-9961-415A-ACB3-3D2919E1421D}.Debug|Any CPU.Build.0 = Debug|Any CPU
		{6E907550-9961-415A-ACB3-3D2919E1421D}.Release|Any CPU.ActiveCfg = Release|Any CPU
		{6E907550-9961-415A-ACB3-3D2919E1421D}.Release|Any CPU.Build.0 = Release|Any CPU
	EndGlobalSection
	GlobalSection(SolutionProperties) = preSolution
		HideSolutionNode = FALSE
	EndGlobalSection
EndGlobal
